// !$*UTF8*$!
{
	archiveVersion = 1;
	classes = {
	};
	objectVersion = 46;
	objects = {

/* Begin PBXBuildFile section */
		C9EA3D1B1D6BF6F0006DFB4D /* AppDelegate.swift in Sources */ = {isa = PBXBuildFile; fileRef = C9EA3D1A1D6BF6F0006DFB4D /* AppDelegate.swift */; };
		C9EA3D1D1D6BF6F0006DFB4D /* MainVC.swift in Sources */ = {isa = PBXBuildFile; fileRef = C9EA3D1C1D6BF6F0006DFB4D /* MainVC.swift */; };
		C9EA3D201D6BF6F0006DFB4D /* Main.storyboard in Resources */ = {isa = PBXBuildFile; fileRef = C9EA3D1E1D6BF6F0006DFB4D /* Main.storyboard */; };
		C9EA3D221D6BF6F0006DFB4D /* Assets.xcassets in Resources */ = {isa = PBXBuildFile; fileRef = C9EA3D211D6BF6F0006DFB4D /* Assets.xcassets */; };
		C9EA3D251D6BF6F0006DFB4D /* LaunchScreen.storyboard in Resources */ = {isa = PBXBuildFile; fileRef = C9EA3D231D6BF6F0006DFB4D /* LaunchScreen.storyboard */; };
		C9EA3D301D6C0D87006DFB4D /* still time.ttf in Resources */ = {isa = PBXBuildFile; fileRef = C9EA3D2F1D6C0D87006DFB4D /* still time.ttf */; };
		C9EA3D321D6C0F1A006DFB4D /* VideoVC.swift in Sources */ = {isa = PBXBuildFile; fileRef = C9EA3D311D6C0F1A006DFB4D /* VideoVC.swift */; };
		C9EA3D341D6C10F3006DFB4D /* PartyCell.swift in Sources */ = {isa = PBXBuildFile; fileRef = C9EA3D331D6C10F3006DFB4D /* PartyCell.swift */; };
		C9EA3D361D6D25A6006DFB4D /* PartyRock.swift in Sources */ = {isa = PBXBuildFile; fileRef = C9EA3D351D6D25A6006DFB4D /* PartyRock.swift */; };
/* End PBXBuildFile section */

/* Begin PBXFileReference section */
		C9EA3D171D6BF6F0006DFB4D /* PartyRockApp.app */ = {isa = PBXFileReference; explicitFileType = wrapper.application; includeInIndex = 0; path = PartyRockApp.app; sourceTree = BUILT_PRODUCTS_DIR; };
		C9EA3D1A1D6BF6F0006DFB4D /* AppDelegate.swift */ = {isa = PBXFileReference; lastKnownFileType = sourcecode.swift; path = AppDelegate.swift; sourceTree = "<group>"; };
		C9EA3D1C1D6BF6F0006DFB4D /* MainVC.swift */ = {isa = PBXFileReference; lastKnownFileType = sourcecode.swift; path = MainVC.swift; sourceTree = "<group>"; };
		C9EA3D1F1D6BF6F0006DFB4D /* Base */ = {isa = PBXFileReference; lastKnownFileType = file.storyboard; name = Base; path = Base.lproj/Main.storyboard; sourceTree = "<group>"; };
		C9EA3D211D6BF6F0006DFB4D /* Assets.xcassets */ = {isa = PBXFileReference; lastKnownFileType = folder.assetcatalog; path = Assets.xcassets; sourceTree = "<group>"; };
		C9EA3D241D6BF6F0006DFB4D /* Base */ = {isa = PBXFileReference; lastKnownFileType = file.storyboard; name = Base; path = Base.lproj/LaunchScreen.storyboard; sourceTree = "<group>"; };
		C9EA3D261D6BF6F0006DFB4D /* Info.plist */ = {isa = PBXFileReference; lastKnownFileType = text.plist.xml; path = Info.plist; sourceTree = "<group>"; };
		C9EA3D2F1D6C0D87006DFB4D /* still time.ttf */ = {isa = PBXFileReference; lastKnownFileType = file; path = "still time.ttf"; sourceTree = "<group>"; };
		C9EA3D311D6C0F1A006DFB4D /* VideoVC.swift */ = {isa = PBXFileReference; fileEncoding = 4; lastKnownFileType = sourcecode.swift; path = VideoVC.swift; sourceTree = "<group>"; };
		C9EA3D331D6C10F3006DFB4D /* PartyCell.swift */ = {isa = PBXFileReference; fileEncoding = 4; lastKnownFileType = sourcecode.swift; path = PartyCell.swift; sourceTree = "<group>"; };
		C9EA3D351D6D25A6006DFB4D /* PartyRock.swift */ = {isa = PBXFileReference; fileEncoding = 4; lastKnownFileType = sourcecode.swift; path = PartyRock.swift; sourceTree = "<group>"; };
/* End PBXFileReference section */

/* Begin PBXFrameworksBuildPhase section */
		C9EA3D141D6BF6F0006DFB4D /* Frameworks */ = {
			isa = PBXFrameworksBuildPhase;
			buildActionMask = 2147483647;
			files = (
			);
			runOnlyForDeploymentPostprocessing = 0;
		};
/* End PBXFrameworksBuildPhase section */

/* Begin PBXGroup section */
		C9EA3D0E1D6BF6F0006DFB4D = {
			isa = PBXGroup;
			children = (
				C9EA3D191D6BF6F0006DFB4D /* PartyRockApp */,
				C9EA3D181D6BF6F0006DFB4D /* Products */,
			);
			sourceTree = "<group>";
		};
		C9EA3D181D6BF6F0006DFB4D /* Products */ = {
			isa = PBXGroup;
			children = (
				C9EA3D171D6BF6F0006DFB4D /* PartyRockApp.app */,
			);
			name = Products;
			sourceTree = "<group>";
		};
		C9EA3D191D6BF6F0006DFB4D /* PartyRockApp */ = {
			isa = PBXGroup;
			children = (
				C9EA3D2E1D6C0802006DFB4D /* Controller */,
				C9EA3D2D1D6C07FB006DFB4D /* View */,
				C9EA3D2C1D6C07F0006DFB4D /* Model */,
				C9EA3D1A1D6BF6F0006DFB4D /* AppDelegate.swift */,
				C9EA3D2F1D6C0D87006DFB4D /* still time.ttf */,
				C9EA3D231D6BF6F0006DFB4D /* LaunchScreen.storyboard */,
				C9EA3D1E1D6BF6F0006DFB4D /* Main.storyboard */,
				C9EA3D211D6BF6F0006DFB4D /* Assets.xcassets */,
				C9EA3D261D6BF6F0006DFB4D /* Info.plist */,
			);
			path = PartyRockApp;
			sourceTree = "<group>";
		};
		C9EA3D2C1D6C07F0006DFB4D /* Model */ = {
			isa = PBXGroup;
			children = (
				C9EA3D351D6D25A6006DFB4D /* PartyRock.swift */,
			);
			name = Model;
			sourceTree = "<group>";
		};
		C9EA3D2D1D6C07FB006DFB4D /* View */ = {
			isa = PBXGroup;
			children = (
				C9EA3D331D6C10F3006DFB4D /* PartyCell.swift */,
			);
			name = View;
			sourceTree = "<group>";
		};
		C9EA3D2E1D6C0802006DFB4D /* Controller */ = {
			isa = PBXGroup;
			children = (
				C9EA3D1C1D6BF6F0006DFB4D /* MainVC.swift */,
				C9EA3D311D6C0F1A006DFB4D /* VideoVC.swift */,
			);
			name = Controller;
			sourceTree = "<group>";
		};
/* End PBXGroup section */

/* Begin PBXNativeTarget section */
		C9EA3D161D6BF6F0006DFB4D /* PartyRockApp */ = {
			isa = PBXNativeTarget;
			buildConfigurationList = C9EA3D291D6BF6F0006DFB4D /* Build configuration list for PBXNativeTarget "PartyRockApp" */;
			buildPhases = (
				C9EA3D131D6BF6F0006DFB4D /* Sources */,
				C9EA3D141D6BF6F0006DFB4D /* Frameworks */,
				C9EA3D151D6BF6F0006DFB4D /* Resources */,
			);
			buildRules = (
			);
			dependencies = (
			);
			name = PartyRockApp;
			productName = PartyRockApp;
			productReference = C9EA3D171D6BF6F0006DFB4D /* PartyRockApp.app */;
			productType = "com.apple.product-type.application";
		};
/* End PBXNativeTarget section */

/* Begin PBXProject section */
		C9EA3D0F1D6BF6F0006DFB4D /* Project object */ = {
			isa = PBXProject;
			attributes = {
				LastSwiftUpdateCheck = 0800;
				LastUpgradeCheck = 0800;
				ORGANIZATIONNAME = "Chiranth Bangalore Sathyaprakash";
				TargetAttributes = {
					C9EA3D161D6BF6F0006DFB4D = {
						CreatedOnToolsVersion = 8.0;
						ProvisioningStyle = Automatic;
					};
				};
			};
			buildConfigurationList = C9EA3D121D6BF6F0006DFB4D /* Build configuration list for PBXProject "PartyRockApp" */;
			compatibilityVersion = "Xcode 3.2";
			developmentRegion = English;
			hasScannedForEncodings = 0;
			knownRegions = (
				en,
				Base,
			);
			mainGroup = C9EA3D0E1D6BF6F0006DFB4D;
			productRefGroup = C9EA3D181D6BF6F0006DFB4D /* Products */;
			projectDirPath = "";
			projectRoot = "";
			targets = (
				C9EA3D161D6BF6F0006DFB4D /* PartyRockApp */,
			);
		};
/* End PBXProject section */

/* Begin PBXResourcesBuildPhase section */
		C9EA3D151D6BF6F0006DFB4D /* Resources */ = {
			isa = PBXResourcesBuildPhase;
			buildActionMask = 2147483647;
			files = (
				C9EA3D251D6BF6F0006DFB4D /* LaunchScreen.storyboard in Resources */,
				C9EA3D301D6C0D87006DFB4D /* still time.ttf in Resources */,
				C9EA3D221D6BF6F0006DFB4D /* Assets.xcassets in Resources */,
				C9EA3D201D6BF6F0006DFB4D /* Main.storyboard in Resources */,
			);
			runOnlyForDeploymentPostprocessing = 0;
		};
/* End PBXResourcesBuildPhase section */

/* Begin PBXSourcesBuildPhase section */
		C9EA3D131D6BF6F0006DFB4D /* Sources */ = {
			isa = PBXSourcesBuildPhase;
			buildActionMask = 2147483647;
			files = (
				C9EA3D321D6C0F1A006DFB4D /* VideoVC.swift in Sources */,
				C9EA3D1D1D6BF6F0006DFB4D /* MainVC.swift in Sources */,
				C9EA3D361D6D25A6006DFB4D /* PartyRock.swift in Sources */,
				C9EA3D341D6C10F3006DFB4D /* PartyCell.swift in Sources */,
				C9EA3D1B1D6BF6F0006DFB4D /* AppDelegate.swift in Sources */,
			);
			runOnlyForDeploymentPostprocessing = 0;
		};
/* End PBXSourcesBuildPhase section */

/* Begin PBXVariantGroup section */
		C9EA3D1E1D6BF6F0006DFB4D /* Main.storyboard */ = {
			isa = PBXVariantGroup;
			children = (
				C9EA3D1F1D6BF6F0006DFB4D /* Base */,
			);
			name = Main.storyboard;
			sourceTree = "<group>";
		};
		C9EA3D231D6BF6F0006DFB4D /* LaunchScreen.storyboard */ = {
			isa = PBXVariantGroup;
			children = (
				C9EA3D241D6BF6F0006DFB4D /* Base */,
			);
			name = LaunchScreen.storyboard;
			sourceTree = "<group>";
		};
/* End PBXVariantGroup section */

/* Begin XCBuildConfiguration section */
		C9EA3D271D6BF6F0006DFB4D /* Debug */ = {
			isa = XCBuildConfiguration;
			buildSettings = {
				ALWAYS_SEARCH_USER_PATHS = NO;
				CLANG_ANALYZER_NONNULL = YES;
				CLANG_CXX_LANGUAGE_STANDARD = "gnu++0x";
				CLANG_CXX_LIBRARY = "libc++";
				CLANG_ENABLE_MODULES = YES;
				CLANG_ENABLE_OBJC_ARC = YES;
				CLANG_WARN_BOOL_CONVERSION = YES;
				CLANG_WARN_CONSTANT_CONVERSION = YES;
				CLANG_WARN_DIRECT_OBJC_ISA_USAGE = YES_ERROR;
				CLANG_WARN_DOCUMENTATION_COMMENTS = YES;
				CLANG_WARN_EMPTY_BODY = YES;
				CLANG_WARN_ENUM_CONVERSION = YES;
				CLANG_WARN_INT_CONVERSION = YES;
				CLANG_WARN_OBJC_ROOT_CLASS = YES_ERROR;
				CLANG_WARN_UNREACHABLE_CODE = YES;
				CLANG_WARN__DUPLICATE_METHOD_MATCH = YES;
				"CODE_SIGN_IDENTITY[sdk=iphoneos*]" = "iPhone Developer";
				COPY_PHASE_STRIP = NO;
				DEBUG_INFORMATION_FORMAT = dwarf;
				ENABLE_STRICT_OBJC_MSGSEND = YES;
				ENABLE_TESTABILITY = YES;
				GCC_C_LANGUAGE_STANDARD = gnu99;
				GCC_DYNAMIC_NO_PIC = NO;
				GCC_NO_COMMON_BLOCKS = YES;
				GCC_OPTIMIZATION_LEVEL = 0;
				GCC_PREPROCESSOR_DEFINITIONS = (
					"DEBUG=1",
					"$(inherited)",
				);
				GCC_WARN_64_TO_32_BIT_CONVERSION = YES;
				GCC_WARN_ABOUT_RETURN_TYPE = YES_ERROR;
				GCC_WARN_UNDECLARED_SELECTOR = YES;
				GCC_WARN_UNINITIALIZED_AUTOS = YES_AGGRESSIVE;
				GCC_WARN_UNUSED_FUNCTION = YES;
				GCC_WARN_UNUSED_VARIABLE = YES;
				IPHONEOS_DEPLOYMENT_TARGET = 10.0;
				MTL_ENABLE_DEBUG_INFO = YES;
				ONLY_ACTIVE_ARCH = YES;
				SDKROOT = iphoneos;
				SWIFT_ACTIVE_COMPILATION_CONDITIONS = DEBUG;
				SWIFT_OPTIMIZATION_LEVEL = "-Onone";
				TARGETED_DEVICE_FAMILY = "1,2";
			};
			name = Debug;
		};
		C9EA3D281D6BF6F0006DFB4D /* Release */ = {
			isa = XCBuildConfiguration;
			buildSettings = {
				ALWAYS_SEARCH_USER_PATHS = NO;
				CLANG_ANALYZER_NONNULL = YES;
				CLANG_CXX_LANGUAGE_STANDARD = "gnu++0x";
				CLANG_CXX_LIBRARY = "libc++";
				CLANG_ENABLE_MODULES = YES;
				CLANG_ENABLE_OBJC_ARC = YES;
				CLANG_WARN_BOOL_CONVERSION = YES;
				CLANG_WARN_CONSTANT_CONVERSION = YES;
				CLANG_WARN_DIRECT_OBJC_ISA_USAGE = YES_ERROR;
				CLANG_WARN_DOCUMENTATION_COMMENTS = YES;
				CLANG_WARN_EMPTY_BODY = YES;
				CLANG_WARN_ENUM_CONVERSION = YES;
				CLANG_WARN_INT_CONVERSION = YES;
				CLANG_WARN_OBJC_ROOT_CLASS = YES_ERROR;
				CLANG_WARN_UNREACHABLE_CODE = YES;
				CLANG_WARN__DUPLICATE_METHOD_MATCH = YES;
				"CODE_SIGN_IDENTITY[sdk=iphoneos*]" = "iPhone Developer";
				COPY_PHASE_STRIP = NO;
				DEBUG_INFORMATION_FORMAT = "dwarf-with-dsym";
				ENABLE_NS_ASSERTIONS = NO;
				ENABLE_STRICT_OBJC_MSGSEND = YES;
				GCC_C_LANGUAGE_STANDARD = gnu99;
				GCC_NO_COMMON_BLOCKS = YES;
				GCC_WARN_64_TO_32_BIT_CONVERSION = YES;
				GCC_WARN_ABOUT_RETURN_TYPE = YES_ERROR;
				GCC_WARN_UNDECLARED_SELECTOR = YES;
				GCC_WARN_UNINITIALIZED_AUTOS = YES_AGGRESSIVE;
				GCC_WARN_UNUSED_FUNCTION = YES;
				GCC_WARN_UNUSED_VARIABLE = YES;
				IPHONEOS_DEPLOYMENT_TARGET = 10.0;
				MTL_ENABLE_DEBUG_INFO = NO;
				SDKROOT = iphoneos;
				SWIFT_OPTIMIZATION_LEVEL = "-Owholemodule";
				TARGETED_DEVICE_FAMILY = "1,2";
				VALIDATE_PRODUCT = YES;
			};
			name = Release;
		};
		C9EA3D2A1D6BF6F0006DFB4D /* Debug */ = {
			isa = XCBuildConfiguration;
			buildSettings = {
				ASSETCATALOG_COMPILER_APPICON_NAME = AppIcon;
				INFOPLIST_FILE = PartyRockApp/Info.plist;
				LD_RUNPATH_SEARCH_PATHS = "$(inherited) @executable_path/Frameworks";
				PRODUCT_BUNDLE_IDENTIFIER = chiranth.PartyRockApp;
				PRODUCT_NAME = "$(TARGET_NAME)";
				SWIFT_VERSION = 3.0;
			};
			name = Debug;
		};
		C9EA3D2B1D6BF6F0006DFB4D /* Release */ = {
			isa = XCBuildConfiguration;
			buildSettings = {
				ASSETCATALOG_COMPILER_APPICON_NAME = AppIcon;
				INFOPLIST_FILE = PartyRockApp/Info.plist;
				LD_RUNPATH_SEARCH_PATHS = "$(inherited) @executable_path/Frameworks";
				PRODUCT_BUNDLE_IDENTIFIER = chiranth.PartyRockApp;
				PRODUCT_NAME = "$(TARGET_NAME)";
				SWIFT_VERSION = 3.0;
			};
			name = Release;
		};
/* End XCBuildConfiguration section */

/* Begin XCConfigurationList section */
		C9EA3D121D6BF6F0006DFB4D /* Build configuration list for PBXProject "PartyRockApp" */ = {
			isa = XCConfigurationList;
			buildConfigurations = (
				C9EA3D271D6BF6F0006DFB4D /* Debug */,
				C9EA3D281D6BF6F0006DFB4D /* Release */,
			);
			defaultConfigurationIsVisible = 0;
			defaultConfigurationName = Release;
		};
		C9EA3D291D6BF6F0006DFB4D /* Build configuration list for PBXNativeTarget "PartyRockApp" */ = {
			isa = XCConfigurationList;
			buildConfigurations = (
				C9EA3D2A1D6BF6F0006DFB4D /* Debug */,
				C9EA3D2B1D6BF6F0006DFB4D /* Release */,
			);
			defaultConfigurationIsVisible = 0;
		};
/* End XCConfigurationList section */
	};
	rootObject = C9EA3D0F1D6BF6F0006DFB4D /* Project object */;
}
